
Microsoft Visual Studio Solution File, Format Version 12.00
# Visual Studio Version 17
VisualStudioVersion = 17.3.32929.385
MinimumVisualStudioVersion = 10.0.40219.1
Project("{FAE04EC0-301F-11D3-BF4B-00C04F79EFBC}") = "potluck-backend-dotnet", "potluck-backend-dotnet.csproj", "{0F0DBB2E-3949-40DF-A6D7-4829EE03E7AE}"
EndProject
Global
	GlobalSection(SolutionConfigurationPlatforms) = preSolution
		Debug|Any CPU = Debug|Any CPU
		Release|Any CPU = Release|Any CPU
	EndGlobalSection
	GlobalSection(ProjectConfigurationPlatforms) = postSolution
		{0F0DBB2E-3949-40DF-A6D7-4829EE03E7AE}.Debug|Any CPU.ActiveCfg = Debug|Any CPU
		{0F0DBB2E-3949-40DF-A6D7-4829EE03E7AE}.Debug|Any CPU.Build.0 = Debug|Any CPU
		{0F0DBB2E-3949-40DF-A6D7-4829EE03E7AE}.Release|Any CPU.ActiveCfg = Release|Any CPU
		{0F0DBB2E-3949-40DF-A6D7-4829EE03E7AE}.Release|Any CPU.Build.0 = Release|Any CPU
	EndGlobalSection
	GlobalSection(SolutionProperties) = preSolution
		HideSolutionNode = FALSE
	EndGlobalSection
	GlobalSection(ExtensibilityGlobals) = postSolution
		SolutionGuid = {7F2216FC-38AD-4228-ADC1-A4821BC8D7DC}
	EndGlobalSection
EndGlobal
